
Microsoft Visual Studio Solution File, Format Version 12.00
# Visual Studio Version 16
VisualStudioVersion = 16.0.29319.158
MinimumVisualStudioVersion = 10.0.40219.1
Project("{FAE04EC0-301F-11D3-BF4B-00C04F79EFBC}") = "Homework10.10.19", "Homework10.10.19\Homework10.10.19.csproj", "{134D6EA9-4654-4065-9AD5-D21666C66C42}"
EndProject
Global
	GlobalSection(SolutionConfigurationPlatforms) = preSolution
		Debug|Any CPU = Debug|Any CPU
		Release|Any CPU = Release|Any CPU
	EndGlobalSection
	GlobalSection(ProjectConfigurationPlatforms) = postSolution
		{134D6EA9-4654-4065-9AD5-D21666C66C42}.Debug|Any CPU.ActiveCfg = Debug|Any CPU
		{134D6EA9-4654-4065-9AD5-D21666C66C42}.Debug|Any CPU.Build.0 = Debug|Any CPU
		{134D6EA9-4654-4065-9AD5-D21666C66C42}.Release|Any CPU.ActiveCfg = Release|Any CPU
		{134D6EA9-4654-4065-9AD5-D21666C66C42}.Release|Any CPU.Build.0 = Release|Any CPU
	EndGlobalSection
	GlobalSection(SolutionProperties) = preSolution
		HideSolutionNode = FALSE
	EndGlobalSection
	GlobalSection(ExtensibilityGlobals) = postSolution
		SolutionGuid = {2BFCC103-422B-4C9D-862E-E3DDBB33E2BD}
	EndGlobalSection
EndGlobal
